
Microsoft Visual Studio Solution File, Format Version 12.00
# Visual Studio 14
VisualStudioVersion = 14.0.23107.0
MinimumVisualStudioVersion = 10.0.40219.1
Project("{FAE04EC0-301F-11D3-BF4B-00C04F79EFBC}") = "AllenControl.Core", "AllenControl.Core\AllenControl.Core.csproj", "{71816F24-E28B-494F-BAE3-7D3A4775E920}"
EndProject
Project("{FAE04EC0-301F-11D3-BF4B-00C04F79EFBC}") = "AllenControl.Shared", "AllenControl.Shared\AllenControl.Shared.csproj", "{CF9EB907-8356-4D23-AFA1-785E830828D7}"
EndProject
Project("{FAE04EC0-301F-11D3-BF4B-00C04F79EFBC}") = "AllenControl.Core.Tests", "Tests\AllenControl.Core.Tests\AllenControl.Core.Tests.csproj", "{39092B17-6A2F-402D-AA85-437D6874EEED}"
EndProject
Project("{2150E333-8FDC-42A3-9474-1A3956D46DE8}") = "4 - Tests", "4 - Tests", "{C9BA1BA1-5AD3-47DD-9211-BCA88F7676B6}"
EndProject
Project("{2150E333-8FDC-42A3-9474-1A3956D46DE8}") = "1 - Domain", "1 - Domain", "{11CFFC81-E932-44F6-8A23-D5D488C06AAA}"
EndProject
Project("{2150E333-8FDC-42A3-9474-1A3956D46DE8}") = "3 - Shared", "3 - Shared", "{362FE110-59FC-453E-B7A0-FDBD8E70EAE6}"
EndProject
Project("{2150E333-8FDC-42A3-9474-1A3956D46DE8}") = "2 - Infra", "2 - Infra", "{B85FBC55-8A9D-43DF-A725-9323CDF5E52D}"
EndProject
Project("{2150E333-8FDC-42A3-9474-1A3956D46DE8}") = "0 - Services", "0 - Services", "{DDE742C0-A144-4A78-87ED-0BA639A88DDA}"
EndProject
Project("{FAE04EC0-301F-11D3-BF4B-00C04F79EFBC}") = "AllenControl.CrossCutting", "Infra\AllenControl.CrossCutting\AllenControl.CrossCutting.csproj", "{2B949BAC-F5E7-4F25-B7CE-D2C424770C0D}"
EndProject
Project("{FAE04EC0-301F-11D3-BF4B-00C04F79EFBC}") = "AllenControl.Infra", "Infra\AllenControl.Infra\AllenControl.Infra.csproj", "{AD06AF2F-7BF3-411F-800D-2FF83846972F}"
EndProject
Global
	GlobalSection(SolutionConfigurationPlatforms) = preSolution
		Debug|Any CPU = Debug|Any CPU
		Release|Any CPU = Release|Any CPU
	EndGlobalSection
	GlobalSection(ProjectConfigurationPlatforms) = postSolution
		{71816F24-E28B-494F-BAE3-7D3A4775E920}.Debug|Any CPU.ActiveCfg = Debug|Any CPU
		{71816F24-E28B-494F-BAE3-7D3A4775E920}.Debug|Any CPU.Build.0 = Debug|Any CPU
		{71816F24-E28B-494F-BAE3-7D3A4775E920}.Release|Any CPU.ActiveCfg = Release|Any CPU
		{71816F24-E28B-494F-BAE3-7D3A4775E920}.Release|Any CPU.Build.0 = Release|Any CPU
		{CF9EB907-8356-4D23-AFA1-785E830828D7}.Debug|Any CPU.ActiveCfg = Debug|Any CPU
		{CF9EB907-8356-4D23-AFA1-785E830828D7}.Debug|Any CPU.Build.0 = Debug|Any CPU
		{CF9EB907-8356-4D23-AFA1-785E830828D7}.Release|Any CPU.ActiveCfg = Release|Any CPU
		{CF9EB907-8356-4D23-AFA1-785E830828D7}.Release|Any CPU.Build.0 = Release|Any CPU
		{39092B17-6A2F-402D-AA85-437D6874EEED}.Debug|Any CPU.ActiveCfg = Debug|Any CPU
		{39092B17-6A2F-402D-AA85-437D6874EEED}.Debug|Any CPU.Build.0 = Debug|Any CPU
		{39092B17-6A2F-402D-AA85-437D6874EEED}.Release|Any CPU.ActiveCfg = Release|Any CPU
		{39092B17-6A2F-402D-AA85-437D6874EEED}.Release|Any CPU.Build.0 = Release|Any CPU
		{2B949BAC-F5E7-4F25-B7CE-D2C424770C0D}.Debug|Any CPU.ActiveCfg = Debug|Any CPU
		{2B949BAC-F5E7-4F25-B7CE-D2C424770C0D}.Debug|Any CPU.Build.0 = Debug|Any CPU
		{2B949BAC-F5E7-4F25-B7CE-D2C424770C0D}.Release|Any CPU.ActiveCfg = Release|Any CPU
		{2B949BAC-F5E7-4F25-B7CE-D2C424770C0D}.Release|Any CPU.Build.0 = Release|Any CPU
		{AD06AF2F-7BF3-411F-800D-2FF83846972F}.Debug|Any CPU.ActiveCfg = Debug|Any CPU
		{AD06AF2F-7BF3-411F-800D-2FF83846972F}.Debug|Any CPU.Build.0 = Debug|Any CPU
		{AD06AF2F-7BF3-411F-800D-2FF83846972F}.Release|Any CPU.ActiveCfg = Release|Any CPU
		{AD06AF2F-7BF3-411F-800D-2FF83846972F}.Release|Any CPU.Build.0 = Release|Any CPU
	EndGlobalSection
	GlobalSection(SolutionProperties) = preSolution
		HideSolutionNode = FALSE
	EndGlobalSection
	GlobalSection(NestedProjects) = preSolution
		{71816F24-E28B-494F-BAE3-7D3A4775E920} = {11CFFC81-E932-44F6-8A23-D5D488C06AAA}
		{CF9EB907-8356-4D23-AFA1-785E830828D7} = {362FE110-59FC-453E-B7A0-FDBD8E70EAE6}
		{39092B17-6A2F-402D-AA85-437D6874EEED} = {C9BA1BA1-5AD3-47DD-9211-BCA88F7676B6}
		{2B949BAC-F5E7-4F25-B7CE-D2C424770C0D} = {B85FBC55-8A9D-43DF-A725-9323CDF5E52D}
		{AD06AF2F-7BF3-411F-800D-2FF83846972F} = {B85FBC55-8A9D-43DF-A725-9323CDF5E52D}
	EndGlobalSection
EndGlobal
